
Microsoft Visual Studio Solution File, Format Version 12.00
# Visual Studio 15
VisualStudioVersion = 15.0.28307.329
MinimumVisualStudioVersion = 10.0.40219.1
Project("{FAE04EC0-301F-11D3-BF4B-00C04F79EFBC}") = "ConcreteTool", "ConcreteTool.csproj", "{4C6F8A88-EE29-47CD-9978-FB5AFB94C254}"
EndProject
Global
	GlobalSection(SolutionConfigurationPlatforms) = preSolution
		Debug|x64 = Debug|x64
		Release|x64 = Release|x64
	EndGlobalSection
	GlobalSection(ProjectConfigurationPlatforms) = postSolution
		{4C6F8A88-EE29-47CD-9978-FB5AFB94C254}.Debug|x64.ActiveCfg = Debug|x64
		{4C6F8A88-EE29-47CD-9978-FB5AFB94C254}.Debug|x64.Build.0 = Debug|x64
		{4C6F8A88-EE29-47CD-9978-FB5AFB94C254}.Release|x64.ActiveCfg = Release|x64
		{4C6F8A88-EE29-47CD-9978-FB5AFB94C254}.Release|x64.Build.0 = Release|x64
	EndGlobalSection
	GlobalSection(SolutionProperties) = preSolution
		HideSolutionNode = FALSE
	EndGlobalSection
	GlobalSection(ExtensibilityGlobals) = postSolution
		SolutionGuid = {20F6A5E1-11CE-4CB2-B423-79F09A594490}
	EndGlobalSection
EndGlobal