
Microsoft Visual Studio Solution File, Format Version 12.00
# Visual Studio 15
VisualStudioVersion = 15.0.28307.329
MinimumVisualStudioVersion = 10.0.40219.1
Project("{FAE04EC0-301F-11D3-BF4B-00C04F79EFBC}") = "ConcreteTool", "ConcreteTool.csproj", "{4C6F8A88-EE29-47CD-9978-FB5AFB94C254}"
EndProject
Global
	GlobalSection(SolutionConfigurationPlatforms) = preSolution
		Debug|Any CPU = Debug|Any CPU
		Release|Any CPU = Release|Any CPU
	EndGlobalSection
	GlobalSection(ProjectConfigurationPlatforms) = postSolution
		{4C6F8A88-EE29-47CD-9978-FB5AFB94C254}.Debug|Any CPU.ActiveCfg = Debug|Any CPU
		{4C6F8A88-EE29-47CD-9978-FB5AFB94C254}.Debug|Any CPU.Build.0 = Debug|Any CPU
		{4C6F8A88-EE29-47CD-9978-FB5AFB94C254}.Release|Any CPU.ActiveCfg = Release|Any CPU
		{4C6F8A88-EE29-47CD-9978-FB5AFB94C254}.Release|Any CPU.Build.0 = Release|Any CPU
	EndGlobalSection
	GlobalSection(SolutionProperties) = preSolution
		HideSolutionNode = FALSE
	EndGlobalSection
	GlobalSection(ExtensibilityGlobals) = postSolution
		SolutionGuid = {6E1FE242-7C58-4B38-90BD-72AB5F74DF3F}
	EndGlobalSection
EndGlobal
