
Microsoft Visual Studio Solution File, Format Version 11.00
# Visual Studio 2010
# SharpDevelop 4.4
Project("{FAE04EC0-301F-11D3-BF4B-00C04F79EFBC}") = "Concrete", "Concrete.csproj", "{4C6F8A88-EE29-47CD-9978-FB5AFB94C254}"
EndProject
Global
	GlobalSection(SolutionConfigurationPlatforms) = preSolution
		Debug|Any CPU = Debug|Any CPU
		Release|Any CPU = Release|Any CPU
	EndGlobalSection
	GlobalSection(ProjectConfigurationPlatforms) = postSolution
		{4C6F8A88-EE29-47CD-9978-FB5AFB94C254}.Debug|Any CPU.Build.0 = Debug|Any CPU
		{4C6F8A88-EE29-47CD-9978-FB5AFB94C254}.Debug|Any CPU.ActiveCfg = Debug|Any CPU
		{4C6F8A88-EE29-47CD-9978-FB5AFB94C254}.Release|Any CPU.Build.0 = Release|Any CPU
		{4C6F8A88-EE29-47CD-9978-FB5AFB94C254}.Release|Any CPU.ActiveCfg = Release|Any CPU
	EndGlobalSection
EndGlobal
